# THIS IS AN AUTOGENERATED FILE. DO NOT EDIT THIS FILE DIRECTLY.
# yarn lockfile v1


elm-taskport@^2.0.0:
  version "2.0.0"
  resolved "https://registry.yarnpkg.com/elm-taskport/-/elm-taskport-2.0.0.tgz#1d230ac31325dbcb0245049294a1dcb6fbfe8655"
  integrity sha512-GJ7QUYWPlu+H2JmNVUYv0D1s7xge+0C3OmrrIcb2f4U+T19O1aVtdbVSMIsl90VQjCFvhA0rvHj12jNZ1/Yh4Q==
